
Microsoft Visual Studio Solution File, Format Version 12.00
# Visual Studio Version 17
VisualStudioVersion = 17.9.34616.47
MinimumVisualStudioVersion = 10.0.40219.1
Project("{FAE04EC0-301F-11D3-BF4B-00C04F79EFBC}") = "func-reporting-demo", "func-reporting-demo.csproj", "{DE674394-2564-43C5-961A-C4D0F972AC79}"
EndProject
Global
	GlobalSection(SolutionConfigurationPlatforms) = preSolution
		Debug|Any CPU = Debug|Any CPU
		Release|Any CPU = Release|Any CPU
	EndGlobalSection
	GlobalSection(ProjectConfigurationPlatforms) = postSolution
		{DE674394-2564-43C5-961A-C4D0F972AC79}.Debug|Any CPU.ActiveCfg = Debug|Any CPU
		{DE674394-2564-43C5-961A-C4D0F972AC79}.Debug|Any CPU.Build.0 = Debug|Any CPU
		{DE674394-2564-43C5-961A-C4D0F972AC79}.Release|Any CPU.ActiveCfg = Release|Any CPU
		{DE674394-2564-43C5-961A-C4D0F972AC79}.Release|Any CPU.Build.0 = Release|Any CPU
	EndGlobalSection
	GlobalSection(SolutionProperties) = preSolution
		HideSolutionNode = FALSE
	EndGlobalSection
	GlobalSection(ExtensibilityGlobals) = postSolution
		SolutionGuid = {B25B54F6-A348-43B3-B8D5-450D29A714B4}
	EndGlobalSection
EndGlobal
